PODS:
  - R.swift (5.0.0.alpha.2):
    - R.swift.Library (~> 5.0.0.alpha.2)
  - R.swift.Library (5.0.0.alpha.2)
  - SKPhotoBrowser (6.0.0)
  - SwiftLint (0.29.1)
  - SwiftSpinner (1.6.2)
  - Swinject (2.5.0)

DEPENDENCIES:
  - R.swift (= 5.0.0.alpha.2)
  - SKPhotoBrowser
  - SwiftLint
  - SwiftSpinner
  - Swinject

SPEC REPOS:
  https://github.com/cocoapods/specs.git:
    - R.swift
    - R.swift.Library
    - SKPhotoBrowser
    - SwiftLint
    - SwiftSpinner
    - Swinject

SPEC CHECKSUMS:
  R.swift: 31fa1bd537fa81307815cc622122f33331f32174
  R.swift.Library: 3c21b823839bf5a6769dc7f96cb44479dab51b1b
  SKPhotoBrowser: 76eb862685761707b5745fde7762757966565e07
  SwiftLint: 6772320e40b52049053a518c17db9b0634a0b45a
  SwiftSpinner: 3a4c6dea425e5a31b908a8b1dd5dcd1ad4d96340
  Swinject: 82cdb851f63f91bba974e3eca1d69780f2f7677e

PODFILE CHECKSUM: 368e4fdc631d0c4e801655df81455b15bcbc353f

COCOAPODS: 1.5.3
