// !$*UTF8*$!
{
	archiveVersion = 1;
	classes = {
	};
	objectVersion = 50;
	objects = {

/* Begin PBXBuildFile section */
		044DB9AA21B8068F000B14DA /* GameViewController.swift in Sources */ = {isa = PBXBuildFile; fileRef = 044DB9A921B8068F000B14DA /* GameViewController.swift */; };
		044DB9B121B93C8C000B14DA /* README.md in Resources */ = {isa = PBXBuildFile; fileRef = 044DB9B021B93C8C000B14DA /* README.md */; };
		044DB9B321B94F8D000B14DA /* GameProvider.swift in Sources */ = {isa = PBXBuildFile; fileRef = 044DB9B221B94F8D000B14DA /* GameProvider.swift */; };
		044DB9DD21B95E04000B14DA /* Photo+CoreDataClass.swift in Sources */ = {isa = PBXBuildFile; fileRef = 044DB9D521B95E04000B14DA /* Photo+CoreDataClass.swift */; };
		044DB9DE21B95E04000B14DA /* Photo+CoreDataProperties.swift in Sources */ = {isa = PBXBuildFile; fileRef = 044DB9D621B95E04000B14DA /* Photo+CoreDataProperties.swift */; };
		044DB9DF21B95E04000B14DA /* Score+CoreDataClass.swift in Sources */ = {isa = PBXBuildFile; fileRef = 044DB9D721B95E04000B14DA /* Score+CoreDataClass.swift */; };
		044DB9E021B95E04000B14DA /* Score+CoreDataProperties.swift in Sources */ = {isa = PBXBuildFile; fileRef = 044DB9D821B95E04000B14DA /* Score+CoreDataProperties.swift */; };
		044DB9E121B95E04000B14DA /* Player+CoreDataClass.swift in Sources */ = {isa = PBXBuildFile; fileRef = 044DB9D921B95E04000B14DA /* Player+CoreDataClass.swift */; };
		044DB9E221B95E04000B14DA /* Player+CoreDataProperties.swift in Sources */ = {isa = PBXBuildFile; fileRef = 044DB9DA21B95E04000B14DA /* Player+CoreDataProperties.swift */; };
		044DB9E321B95E04000B14DA /* Game+CoreDataClass.swift in Sources */ = {isa = PBXBuildFile; fileRef = 044DB9DB21B95E04000B14DA /* Game+CoreDataClass.swift */; };
		044DB9E421B95E04000B14DA /* Game+CoreDataProperties.swift in Sources */ = {isa = PBXBuildFile; fileRef = 044DB9DC21B95E04000B14DA /* Game+CoreDataProperties.swift */; };
		044DB9E721B9A1CB000B14DA /* GamesViewModel.swift in Sources */ = {isa = PBXBuildFile; fileRef = 044DB9E621B9A1CB000B14DA /* GamesViewModel.swift */; };
		044DB9E921B9A3DF000B14DA /* GameViewModel.swift in Sources */ = {isa = PBXBuildFile; fileRef = 044DB9E821B9A3DF000B14DA /* GameViewModel.swift */; };
		0458728221B7B686001B43A8 /* AppDelegate.swift in Sources */ = {isa = PBXBuildFile; fileRef = 0458728121B7B686001B43A8 /* AppDelegate.swift */; };
		0458728721B7B686001B43A8 /* Main.storyboard in Resources */ = {isa = PBXBuildFile; fileRef = 0458728521B7B686001B43A8 /* Main.storyboard */; };
		0458728A21B7B686001B43A8 /* SmartPhotoSorter.xcdatamodeld in Sources */ = {isa = PBXBuildFile; fileRef = 0458728821B7B686001B43A8 /* SmartPhotoSorter.xcdatamodeld */; };
		0458728C21B7B688001B43A8 /* Assets.xcassets in Resources */ = {isa = PBXBuildFile; fileRef = 0458728B21B7B688001B43A8 /* Assets.xcassets */; };
		0458728F21B7B688001B43A8 /* LaunchScreen.storyboard in Resources */ = {isa = PBXBuildFile; fileRef = 0458728D21B7B688001B43A8 /* LaunchScreen.storyboard */; };
		0458729E21B7C8D2001B43A8 /* ScoresViewController.swift in Sources */ = {isa = PBXBuildFile; fileRef = 0458729B21B7C8D2001B43A8 /* ScoresViewController.swift */; };
		0458729F21B7C8D2001B43A8 /* MainController.swift in Sources */ = {isa = PBXBuildFile; fileRef = 0458729C21B7C8D2001B43A8 /* MainController.swift */; };
		045872A021B7C8D2001B43A8 /* GamesViewController.swift in Sources */ = {isa = PBXBuildFile; fileRef = 0458729D21B7C8D2001B43A8 /* GamesViewController.swift */; };
		045872A421B7DDF8001B43A8 /* Localizable.strings in Resources */ = {isa = PBXBuildFile; fileRef = 045872A621B7DDF8001B43A8 /* Localizable.strings */; };
		045872AA21B7DFC5001B43A8 /* R.generated.swift in Sources */ = {isa = PBXBuildFile; fileRef = 045872A921B7DFC5001B43A8 /* R.generated.swift */; };
		0467EAFB21BA8A34009B9B78 /* OptionsViewController.swift in Sources */ = {isa = PBXBuildFile; fileRef = 0467EAFA21BA8A34009B9B78 /* OptionsViewController.swift */; };
		0467EAFD21BA9999009B9B78 /* OptionsViewModel.swift in Sources */ = {isa = PBXBuildFile; fileRef = 0467EAFC21BA9999009B9B78 /* OptionsViewModel.swift */; };
		0467EB0021BAAE3D009B9B78 /* ThemeManager.swift in Sources */ = {isa = PBXBuildFile; fileRef = 0467EAFF21BAAE3D009B9B78 /* ThemeManager.swift */; };
		0467EB0221BAD9F2009B9B78 /* BaseTableViewController.swift in Sources */ = {isa = PBXBuildFile; fileRef = 0467EB0121BAD9F2009B9B78 /* BaseTableViewController.swift */; };
		0467EB0421BAE125009B9B78 /* BaseViewController.swift in Sources */ = {isa = PBXBuildFile; fileRef = 0467EB0321BAE125009B9B78 /* BaseViewController.swift */; };
		0467EB0621BB07F2009B9B78 /* ScoreCalculator.swift in Sources */ = {isa = PBXBuildFile; fileRef = 0467EB0521BB07F2009B9B78 /* ScoreCalculator.swift */; };
		0467EB0921BB0EB4009B9B78 /* Array+Sorting.swift in Sources */ = {isa = PBXBuildFile; fileRef = 0467EB0821BB0EB4009B9B78 /* Array+Sorting.swift */; };
		0467EB0B21BB0EE3009B9B78 /* UIColor+Parsing.swift in Sources */ = {isa = PBXBuildFile; fileRef = 0467EB0A21BB0EE3009B9B78 /* UIColor+Parsing.swift */; };
		0467EB0D21BB0F02009B9B78 /* Theme.swift in Sources */ = {isa = PBXBuildFile; fileRef = 0467EB0C21BB0F02009B9B78 /* Theme.swift */; };
		0467EB0F21BB0F8B009B9B78 /* ScoresViewModel.swift in Sources */ = {isa = PBXBuildFile; fileRef = 0467EB0E21BB0F8B009B9B78 /* ScoresViewModel.swift */; };
		0467EB1221BB1A17009B9B78 /* PhotoCollectionViewCell.swift in Sources */ = {isa = PBXBuildFile; fileRef = 0467EB1121BB1A17009B9B78 /* PhotoCollectionViewCell.swift */; };
		046BAF6921BC5F5B00977071 /* MainViewModel.swift in Sources */ = {isa = PBXBuildFile; fileRef = 046BAF6821BC5F5B00977071 /* MainViewModel.swift */; };
		4C44DA933C7BB50AEC0BFE09 /* Pods_SmartPhotoSorter.framework in Frameworks */ = {isa = PBXBuildFile; fileRef = 34612EFC80932ACCCEB9D72F /* Pods_SmartPhotoSorter.framework */; };
/* End PBXBuildFile section */

/* Begin PBXFileReference section */
		044DB9A921B8068F000B14DA /* GameViewController.swift */ = {isa = PBXFileReference; lastKnownFileType = sourcecode.swift; path = GameViewController.swift; sourceTree = "<group>"; };
		044DB9B021B93C8C000B14DA /* README.md */ = {isa = PBXFileReference; fileEncoding = 4; lastKnownFileType = net.daringfireball.markdown; path = README.md; sourceTree = SOURCE_ROOT; };
		044DB9B221B94F8D000B14DA /* GameProvider.swift */ = {isa = PBXFileReference; lastKnownFileType = sourcecode.swift; path = GameProvider.swift; sourceTree = "<group>"; };
		044DB9D521B95E04000B14DA /* Photo+CoreDataClass.swift */ = {isa = PBXFileReference; lastKnownFileType = sourcecode.swift; path = "Photo+CoreDataClass.swift"; sourceTree = "<group>"; };
		044DB9D621B95E04000B14DA /* Photo+CoreDataProperties.swift */ = {isa = PBXFileReference; lastKnownFileType = sourcecode.swift; path = "Photo+CoreDataProperties.swift"; sourceTree = "<group>"; };
		044DB9D721B95E04000B14DA /* Score+CoreDataClass.swift */ = {isa = PBXFileReference; lastKnownFileType = sourcecode.swift; path = "Score+CoreDataClass.swift"; sourceTree = "<group>"; };
		044DB9D821B95E04000B14DA /* Score+CoreDataProperties.swift */ = {isa = PBXFileReference; lastKnownFileType = sourcecode.swift; path = "Score+CoreDataProperties.swift"; sourceTree = "<group>"; };
		044DB9D921B95E04000B14DA /* Player+CoreDataClass.swift */ = {isa = PBXFileReference; lastKnownFileType = sourcecode.swift; path = "Player+CoreDataClass.swift"; sourceTree = "<group>"; };
		044DB9DA21B95E04000B14DA /* Player+CoreDataProperties.swift */ = {isa = PBXFileReference; lastKnownFileType = sourcecode.swift; path = "Player+CoreDataProperties.swift"; sourceTree = "<group>"; };
		044DB9DB21B95E04000B14DA /* Game+CoreDataClass.swift */ = {isa = PBXFileReference; lastKnownFileType = sourcecode.swift; path = "Game+CoreDataClass.swift"; sourceTree = "<group>"; };
		044DB9DC21B95E04000B14DA /* Game+CoreDataProperties.swift */ = {isa = PBXFileReference; lastKnownFileType = sourcecode.swift; path = "Game+CoreDataProperties.swift"; sourceTree = "<group>"; };
		044DB9E621B9A1CB000B14DA /* GamesViewModel.swift */ = {isa = PBXFileReference; lastKnownFileType = sourcecode.swift; path = GamesViewModel.swift; sourceTree = "<group>"; };
		044DB9E821B9A3DF000B14DA /* GameViewModel.swift */ = {isa = PBXFileReference; lastKnownFileType = sourcecode.swift; path = GameViewModel.swift; sourceTree = "<group>"; };
		0458727E21B7B686001B43A8 /* SmartPhotoSorter.app */ = {isa = PBXFileReference; explicitFileType = wrapper.application; includeInIndex = 0; path = SmartPhotoSorter.app; sourceTree = BUILT_PRODUCTS_DIR; };
		0458728121B7B686001B43A8 /* AppDelegate.swift */ = {isa = PBXFileReference; lastKnownFileType = sourcecode.swift; path = AppDelegate.swift; sourceTree = "<group>"; };
		0458728621B7B686001B43A8 /* Base */ = {isa = PBXFileReference; lastKnownFileType = file.storyboard; name = Base; path = Base.lproj/Main.storyboard; sourceTree = "<group>"; };
		0458728921B7B686001B43A8 /* SmartPhotoSorter.xcdatamodel */ = {isa = PBXFileReference; lastKnownFileType = wrapper.xcdatamodel; path = SmartPhotoSorter.xcdatamodel; sourceTree = "<group>"; };
		0458728B21B7B688001B43A8 /* Assets.xcassets */ = {isa = PBXFileReference; lastKnownFileType = folder.assetcatalog; path = Assets.xcassets; sourceTree = "<group>"; };
		0458728E21B7B688001B43A8 /* Base */ = {isa = PBXFileReference; lastKnownFileType = file.storyboard; name = Base; path = Base.lproj/LaunchScreen.storyboard; sourceTree = "<group>"; };
		0458729021B7B688001B43A8 /* Info.plist */ = {isa = PBXFileReference; lastKnownFileType = text.plist.xml; path = Info.plist; sourceTree = "<group>"; };
		0458729B21B7C8D2001B43A8 /* ScoresViewController.swift */ = {isa = PBXFileReference; fileEncoding = 4; lastKnownFileType = sourcecode.swift; path = ScoresViewController.swift; sourceTree = "<group>"; };
		0458729C21B7C8D2001B43A8 /* MainController.swift */ = {isa = PBXFileReference; fileEncoding = 4; lastKnownFileType = sourcecode.swift; path = MainController.swift; sourceTree = "<group>"; };
		0458729D21B7C8D2001B43A8 /* GamesViewController.swift */ = {isa = PBXFileReference; fileEncoding = 4; lastKnownFileType = sourcecode.swift; path = GamesViewController.swift; sourceTree = "<group>"; };
		045872A521B7DDF8001B43A8 /* en */ = {isa = PBXFileReference; lastKnownFileType = text.plist.strings; name = en; path = en.lproj/Localizable.strings; sourceTree = "<group>"; };
		045872A921B7DFC5001B43A8 /* R.generated.swift */ = {isa = PBXFileReference; fileEncoding = 4; lastKnownFileType = sourcecode.swift; path = R.generated.swift; sourceTree = SOURCE_ROOT; };
		0467EAFA21BA8A34009B9B78 /* OptionsViewController.swift */ = {isa = PBXFileReference; lastKnownFileType = sourcecode.swift; path = OptionsViewController.swift; sourceTree = "<group>"; };
		0467EAFC21BA9999009B9B78 /* OptionsViewModel.swift */ = {isa = PBXFileReference; lastKnownFileType = sourcecode.swift; path = OptionsViewModel.swift; sourceTree = "<group>"; };
		0467EAFF21BAAE3D009B9B78 /* ThemeManager.swift */ = {isa = PBXFileReference; lastKnownFileType = sourcecode.swift; path = ThemeManager.swift; sourceTree = "<group>"; };
		0467EB0121BAD9F2009B9B78 /* BaseTableViewController.swift */ = {isa = PBXFileReference; lastKnownFileType = sourcecode.swift; path = BaseTableViewController.swift; sourceTree = "<group>"; };
		0467EB0321BAE125009B9B78 /* BaseViewController.swift */ = {isa = PBXFileReference; lastKnownFileType = sourcecode.swift; path = BaseViewController.swift; sourceTree = "<group>"; };
		0467EB0521BB07F2009B9B78 /* ScoreCalculator.swift */ = {isa = PBXFileReference; lastKnownFileType = sourcecode.swift; path = ScoreCalculator.swift; sourceTree = "<group>"; };
		0467EB0821BB0EB4009B9B78 /* Array+Sorting.swift */ = {isa = PBXFileReference; lastKnownFileType = sourcecode.swift; path = "Array+Sorting.swift"; sourceTree = "<group>"; };
		0467EB0A21BB0EE3009B9B78 /* UIColor+Parsing.swift */ = {isa = PBXFileReference; lastKnownFileType = sourcecode.swift; path = "UIColor+Parsing.swift"; sourceTree = "<group>"; };
		0467EB0C21BB0F02009B9B78 /* Theme.swift */ = {isa = PBXFileReference; lastKnownFileType = sourcecode.swift; path = Theme.swift; sourceTree = "<group>"; };
		0467EB0E21BB0F8B009B9B78 /* ScoresViewModel.swift */ = {isa = PBXFileReference; lastKnownFileType = sourcecode.swift; path = ScoresViewModel.swift; sourceTree = "<group>"; };
		0467EB1121BB1A17009B9B78 /* PhotoCollectionViewCell.swift */ = {isa = PBXFileReference; lastKnownFileType = sourcecode.swift; path = PhotoCollectionViewCell.swift; sourceTree = "<group>"; };
		046BAF6821BC5F5B00977071 /* MainViewModel.swift */ = {isa = PBXFileReference; lastKnownFileType = sourcecode.swift; path = MainViewModel.swift; sourceTree = "<group>"; };
		34612EFC80932ACCCEB9D72F /* Pods_SmartPhotoSorter.framework */ = {isa = PBXFileReference; explicitFileType = wrapper.framework; includeInIndex = 0; path = Pods_SmartPhotoSorter.framework; sourceTree = BUILT_PRODUCTS_DIR; };
		936658439A35F1AA9D651967 /* Pods-SmartPhotoSorter.release.xcconfig */ = {isa = PBXFileReference; includeInIndex = 1; lastKnownFileType = text.xcconfig; name = "Pods-SmartPhotoSorter.release.xcconfig"; path = "Pods/Target Support Files/Pods-SmartPhotoSorter/Pods-SmartPhotoSorter.release.xcconfig"; sourceTree = "<group>"; };
		B81A5B679A8B32BDDA3EC8AB /* Pods-SmartPhotoSorter.debug.xcconfig */ = {isa = PBXFileReference; includeInIndex = 1; lastKnownFileType = text.xcconfig; name = "Pods-SmartPhotoSorter.debug.xcconfig"; path = "Pods/Target Support Files/Pods-SmartPhotoSorter/Pods-SmartPhotoSorter.debug.xcconfig"; sourceTree = "<group>"; };
/* End PBXFileReference section */

/* Begin PBXFrameworksBuildPhase section */
		0458727B21B7B686001B43A8 /* Frameworks */ = {
			isa = PBXFrameworksBuildPhase;
			buildActionMask = 2147483647;
			files = (
				4C44DA933C7BB50AEC0BFE09 /* Pods_SmartPhotoSorter.framework in Frameworks */,
			);
			runOnlyForDeploymentPostprocessing = 0;
		};
/* End PBXFrameworksBuildPhase section */

/* Begin PBXGroup section */
		044DB9AD21B91330000B14DA /* Data */ = {
			isa = PBXGroup;
			children = (
				044DB9B221B94F8D000B14DA /* GameProvider.swift */,
				0467EB0521BB07F2009B9B78 /* ScoreCalculator.swift */,
			);
			path = Data;
			sourceTree = "<group>";
		};
		044DB9B421B95B4A000B14DA /* CoreData */ = {
			isa = PBXGroup;
			children = (
				044DB9D521B95E04000B14DA /* Photo+CoreDataClass.swift */,
				044DB9D621B95E04000B14DA /* Photo+CoreDataProperties.swift */,
				044DB9D721B95E04000B14DA /* Score+CoreDataClass.swift */,
				044DB9D821B95E04000B14DA /* Score+CoreDataProperties.swift */,
				044DB9D921B95E04000B14DA /* Player+CoreDataClass.swift */,
				044DB9DA21B95E04000B14DA /* Player+CoreDataProperties.swift */,
				044DB9DB21B95E04000B14DA /* Game+CoreDataClass.swift */,
				044DB9DC21B95E04000B14DA /* Game+CoreDataProperties.swift */,
			);
			path = CoreData;
			sourceTree = "<group>";
		};
		044DB9E521B9A1BB000B14DA /* ViewModel */ = {
			isa = PBXGroup;
			children = (
				046BAF6821BC5F5B00977071 /* MainViewModel.swift */,
				044DB9E621B9A1CB000B14DA /* GamesViewModel.swift */,
				044DB9E821B9A3DF000B14DA /* GameViewModel.swift */,
				0467EB0E21BB0F8B009B9B78 /* ScoresViewModel.swift */,
				0467EAFC21BA9999009B9B78 /* OptionsViewModel.swift */,
			);
			path = ViewModel;
			sourceTree = "<group>";
		};
		0458727521B7B686001B43A8 = {
			isa = PBXGroup;
			children = (
				0458728021B7B686001B43A8 /* SmartPhotoSorter */,
				044DB9B021B93C8C000B14DA /* README.md */,
				0458727F21B7B686001B43A8 /* Products */,
				646DCA125C2DB263D2E72F5B /* Pods */,
				60B3262DDD647A1985632718 /* Frameworks */,
			);
			sourceTree = "<group>";
		};
		0458727F21B7B686001B43A8 /* Products */ = {
			isa = PBXGroup;
			children = (
				0458727E21B7B686001B43A8 /* SmartPhotoSorter.app */,
			);
			name = Products;
			sourceTree = "<group>";
		};
		0458728021B7B686001B43A8 /* SmartPhotoSorter */ = {
			isa = PBXGroup;
			children = (
				0467EB1021BB1A0C009B9B78 /* Views */,
				0467EB0721BB0EA4009B9B78 /* Extensions */,
				0467EAFE21BAAE32009B9B78 /* Style */,
				044DB9B421B95B4A000B14DA /* CoreData */,
				044DB9AD21B91330000B14DA /* Data */,
				0458729A21B7C6B1001B43A8 /* ViewController */,
				044DB9E521B9A1BB000B14DA /* ViewModel */,
				045872A121B7DDB7001B43A8 /* Ressources */,
				0458728121B7B686001B43A8 /* AppDelegate.swift */,
				0458728521B7B686001B43A8 /* Main.storyboard */,
				0458728D21B7B688001B43A8 /* LaunchScreen.storyboard */,
				0458729021B7B688001B43A8 /* Info.plist */,
				0458728821B7B686001B43A8 /* SmartPhotoSorter.xcdatamodeld */,
				045872A921B7DFC5001B43A8 /* R.generated.swift */,
			);
			path = SmartPhotoSorter;
			sourceTree = "<group>";
		};
		0458729A21B7C6B1001B43A8 /* ViewController */ = {
			isa = PBXGroup;
			children = (
				0458729C21B7C8D2001B43A8 /* MainController.swift */,
				0458729D21B7C8D2001B43A8 /* GamesViewController.swift */,
				044DB9A921B8068F000B14DA /* GameViewController.swift */,
				0458729B21B7C8D2001B43A8 /* ScoresViewController.swift */,
				0467EAFA21BA8A34009B9B78 /* OptionsViewController.swift */,
			);
			path = ViewController;
			sourceTree = "<group>";
		};
		045872A121B7DDB7001B43A8 /* Ressources */ = {
			isa = PBXGroup;
			children = (
				0458728B21B7B688001B43A8 /* Assets.xcassets */,
				045872A621B7DDF8001B43A8 /* Localizable.strings */,
			);
			path = Ressources;
			sourceTree = "<group>";
		};
		0467EAFE21BAAE32009B9B78 /* Style */ = {
			isa = PBXGroup;
			children = (
				0467EB0C21BB0F02009B9B78 /* Theme.swift */,
				0467EAFF21BAAE3D009B9B78 /* ThemeManager.swift */,
				0467EB0121BAD9F2009B9B78 /* BaseTableViewController.swift */,
				0467EB0321BAE125009B9B78 /* BaseViewController.swift */,
			);
			path = Style;
			sourceTree = "<group>";
		};
		0467EB0721BB0EA4009B9B78 /* Extensions */ = {
			isa = PBXGroup;
			children = (
				0467EB0821BB0EB4009B9B78 /* Array+Sorting.swift */,
				0467EB0A21BB0EE3009B9B78 /* UIColor+Parsing.swift */,
			);
			path = Extensions;
			sourceTree = "<group>";
		};
		0467EB1021BB1A0C009B9B78 /* Views */ = {
			isa = PBXGroup;
			children = (
				0467EB1121BB1A17009B9B78 /* PhotoCollectionViewCell.swift */,
			);
			path = Views;
			sourceTree = "<group>";
		};
		60B3262DDD647A1985632718 /* Frameworks */ = {
			isa = PBXGroup;
			children = (
				34612EFC80932ACCCEB9D72F /* Pods_SmartPhotoSorter.framework */,
			);
			name = Frameworks;
			sourceTree = "<group>";
		};
		646DCA125C2DB263D2E72F5B /* Pods */ = {
			isa = PBXGroup;
			children = (
				B81A5B679A8B32BDDA3EC8AB /* Pods-SmartPhotoSorter.debug.xcconfig */,
				936658439A35F1AA9D651967 /* Pods-SmartPhotoSorter.release.xcconfig */,
			);
			name = Pods;
			sourceTree = "<group>";
		};
/* End PBXGroup section */

/* Begin PBXNativeTarget section */
		0458727D21B7B686001B43A8 /* SmartPhotoSorter */ = {
			isa = PBXNativeTarget;
			buildConfigurationList = 0458729321B7B688001B43A8 /* Build configuration list for PBXNativeTarget "SmartPhotoSorter" */;
			buildPhases = (
				6BFAA5B6DC7A3E0C924B6567 /* [CP] Check Pods Manifest.lock */,
				045872A721B7DF1F001B43A8 /* RSwift */,
				0458727A21B7B686001B43A8 /* Sources */,
				0458727B21B7B686001B43A8 /* Frameworks */,
				0458727C21B7B686001B43A8 /* Resources */,
				14C8775FE407B6237ED63634 /* [CP] Embed Pods Frameworks */,
			);
			buildRules = (
			);
			dependencies = (
			);
			name = SmartPhotoSorter;
			productName = SmartPhotoSorter;
			productReference = 0458727E21B7B686001B43A8 /* SmartPhotoSorter.app */;
			productType = "com.apple.product-type.application";
		};
/* End PBXNativeTarget section */

/* Begin PBXProject section */
		0458727621B7B686001B43A8 /* Project object */ = {
			isa = PBXProject;
			attributes = {
				LastSwiftUpdateCheck = 1010;
				LastUpgradeCheck = 1010;
				ORGANIZATIONNAME = "Michael Rommel";
				TargetAttributes = {
					0458727D21B7B686001B43A8 = {
						CreatedOnToolsVersion = 10.1;
					};
				};
			};
			buildConfigurationList = 0458727921B7B686001B43A8 /* Build configuration list for PBXProject "SmartPhotoSorter" */;
			compatibilityVersion = "Xcode 9.3";
			developmentRegion = en;
			hasScannedForEncodings = 0;
			knownRegions = (
				en,
				Base,
			);
			mainGroup = 0458727521B7B686001B43A8;
			productRefGroup = 0458727F21B7B686001B43A8 /* Products */;
			projectDirPath = "";
			projectRoot = "";
			targets = (
				0458727D21B7B686001B43A8 /* SmartPhotoSorter */,
			);
		};
/* End PBXProject section */

/* Begin PBXResourcesBuildPhase section */
		0458727C21B7B686001B43A8 /* Resources */ = {
			isa = PBXResourcesBuildPhase;
			buildActionMask = 2147483647;
			files = (
				0458728F21B7B688001B43A8 /* LaunchScreen.storyboard in Resources */,
				045872A421B7DDF8001B43A8 /* Localizable.strings in Resources */,
				044DB9B121B93C8C000B14DA /* README.md in Resources */,
				0458728C21B7B688001B43A8 /* Assets.xcassets in Resources */,
				0458728721B7B686001B43A8 /* Main.storyboard in Resources */,
			);
			runOnlyForDeploymentPostprocessing = 0;
		};
/* End PBXResourcesBuildPhase section */

/* Begin PBXShellScriptBuildPhase section */
		045872A721B7DF1F001B43A8 /* RSwift */ = {
			isa = PBXShellScriptBuildPhase;
			buildActionMask = 2147483647;
			files = (
			);
			inputFileListPaths = (
			);
			inputPaths = (
			);
			name = RSwift;
			outputFileListPaths = (
			);
			outputPaths = (
			);
			runOnlyForDeploymentPostprocessing = 0;
			shellPath = /bin/sh;
			shellScript = "\"$PODS_ROOT/R.swift/rswift\" generate \"$SRCROOT\"\n";
		};
		14C8775FE407B6237ED63634 /* [CP] Embed Pods Frameworks */ = {
			isa = PBXShellScriptBuildPhase;
			buildActionMask = 2147483647;
			files = (
			);
			inputFileListPaths = (
			);
			inputPaths = (
				"${SRCROOT}/Pods/Target Support Files/Pods-SmartPhotoSorter/Pods-SmartPhotoSorter-frameworks.sh",
				"${BUILT_PRODUCTS_DIR}/R.swift.Library/Rswift.framework",
				"${BUILT_PRODUCTS_DIR}/SKPhotoBrowser/SKPhotoBrowser.framework",
			);
			name = "[CP] Embed Pods Frameworks";
			outputFileListPaths = (
			);
			outputPaths = (
				"${TARGET_BUILD_DIR}/${FRAMEWORKS_FOLDER_PATH}/Rswift.framework",
				"${TARGET_BUILD_DIR}/${FRAMEWORKS_FOLDER_PATH}/SKPhotoBrowser.framework",
			);
			runOnlyForDeploymentPostprocessing = 0;
			shellPath = /bin/sh;
			shellScript = "\"${SRCROOT}/Pods/Target Support Files/Pods-SmartPhotoSorter/Pods-SmartPhotoSorter-frameworks.sh\"\n";
			showEnvVarsInLog = 0;
		};
		6BFAA5B6DC7A3E0C924B6567 /* [CP] Check Pods Manifest.lock */ = {
			isa = PBXShellScriptBuildPhase;
			buildActionMask = 2147483647;
			files = (
			);
			inputFileListPaths = (
			);
			inputPaths = (
				"${PODS_PODFILE_DIR_PATH}/Podfile.lock",
				"${PODS_ROOT}/Manifest.lock",
			);
			name = "[CP] Check Pods Manifest.lock";
			outputFileListPaths = (
			);
			outputPaths = (
				"$(DERIVED_FILE_DIR)/Pods-SmartPhotoSorter-checkManifestLockResult.txt",
			);
			runOnlyForDeploymentPostprocessing = 0;
			shellPath = /bin/sh;
			shellScript = "diff \"${PODS_PODFILE_DIR_PATH}/Podfile.lock\" \"${PODS_ROOT}/Manifest.lock\" > /dev/null\nif [ $? != 0 ] ; then\n    # print error to STDERR\n    echo \"error: The sandbox is not in sync with the Podfile.lock. Run 'pod install' or update your CocoaPods installation.\" >&2\n    exit 1\nfi\n# This output is used by Xcode 'outputs' to avoid re-running this script phase.\necho \"SUCCESS\" > \"${SCRIPT_OUTPUT_FILE_0}\"\n";
			showEnvVarsInLog = 0;
		};
/* End PBXShellScriptBuildPhase section */

/* Begin PBXSourcesBuildPhase section */
		0458727A21B7B686001B43A8 /* Sources */ = {
			isa = PBXSourcesBuildPhase;
			buildActionMask = 2147483647;
			files = (
				0467EB0D21BB0F02009B9B78 /* Theme.swift in Sources */,
				044DB9DF21B95E04000B14DA /* Score+CoreDataClass.swift in Sources */,
				044DB9E321B95E04000B14DA /* Game+CoreDataClass.swift in Sources */,
				044DB9DD21B95E04000B14DA /* Photo+CoreDataClass.swift in Sources */,
				0467EB0421BAE125009B9B78 /* BaseViewController.swift in Sources */,
				046BAF6921BC5F5B00977071 /* MainViewModel.swift in Sources */,
				044DB9AA21B8068F000B14DA /* GameViewController.swift in Sources */,
				0458729F21B7C8D2001B43A8 /* MainController.swift in Sources */,
				0467EB0B21BB0EE3009B9B78 /* UIColor+Parsing.swift in Sources */,
				0467EB0621BB07F2009B9B78 /* ScoreCalculator.swift in Sources */,
				0458728221B7B686001B43A8 /* AppDelegate.swift in Sources */,
				0458729E21B7C8D2001B43A8 /* ScoresViewController.swift in Sources */,
				044DB9E721B9A1CB000B14DA /* GamesViewModel.swift in Sources */,
				0458728A21B7B686001B43A8 /* SmartPhotoSorter.xcdatamodeld in Sources */,
				044DB9E021B95E04000B14DA /* Score+CoreDataProperties.swift in Sources */,
				045872A021B7C8D2001B43A8 /* GamesViewController.swift in Sources */,
				045872AA21B7DFC5001B43A8 /* R.generated.swift in Sources */,
				0467EAFB21BA8A34009B9B78 /* OptionsViewController.swift in Sources */,
				044DB9DE21B95E04000B14DA /* Photo+CoreDataProperties.swift in Sources */,
				0467EB1221BB1A17009B9B78 /* PhotoCollectionViewCell.swift in Sources */,
				044DB9E421B95E04000B14DA /* Game+CoreDataProperties.swift in Sources */,
				0467EB0921BB0EB4009B9B78 /* Array+Sorting.swift in Sources */,
				044DB9E221B95E04000B14DA /* Player+CoreDataProperties.swift in Sources */,
				044DB9E921B9A3DF000B14DA /* GameViewModel.swift in Sources */,
				0467EAFD21BA9999009B9B78 /* OptionsViewModel.swift in Sources */,
				0467EB0F21BB0F8B009B9B78 /* ScoresViewModel.swift in Sources */,
				044DB9E121B95E04000B14DA /* Player+CoreDataClass.swift in Sources */,
				044DB9B321B94F8D000B14DA /* GameProvider.swift in Sources */,
				0467EB0221BAD9F2009B9B78 /* BaseTableViewController.swift in Sources */,
				0467EB0021BAAE3D009B9B78 /* ThemeManager.swift in Sources */,
			);
			runOnlyForDeploymentPostprocessing = 0;
		};
/* End PBXSourcesBuildPhase section */

/* Begin PBXVariantGroup section */
		0458728521B7B686001B43A8 /* Main.storyboard */ = {
			isa = PBXVariantGroup;
			children = (
				0458728621B7B686001B43A8 /* Base */,
			);
			name = Main.storyboard;
			sourceTree = "<group>";
		};
		0458728D21B7B688001B43A8 /* LaunchScreen.storyboard */ = {
			isa = PBXVariantGroup;
			children = (
				0458728E21B7B688001B43A8 /* Base */,
			);
			name = LaunchScreen.storyboard;
			sourceTree = "<group>";
		};
		045872A621B7DDF8001B43A8 /* Localizable.strings */ = {
			isa = PBXVariantGroup;
			children = (
				045872A521B7DDF8001B43A8 /* en */,
			);
			name = Localizable.strings;
			sourceTree = "<group>";
		};
/* End PBXVariantGroup section */

/* Begin XCBuildConfiguration section */
		0458729121B7B688001B43A8 /* Debug */ = {
			isa = XCBuildConfiguration;
			buildSettings = {
				ALWAYS_SEARCH_USER_PATHS = NO;
				CLANG_ANALYZER_NONNULL = YES;
				CLANG_ANALYZER_NUMBER_OBJECT_CONVERSION = YES_AGGRESSIVE;
				CLANG_CXX_LANGUAGE_STANDARD = "gnu++14";
				CLANG_CXX_LIBRARY = "libc++";
				CLANG_ENABLE_MODULES = YES;
				CLANG_ENABLE_OBJC_ARC = YES;
				CLANG_ENABLE_OBJC_WEAK = YES;
				CLANG_WARN_BLOCK_CAPTURE_AUTORELEASING = YES;
				CLANG_WARN_BOOL_CONVERSION = YES;
				CLANG_WARN_COMMA = YES;
				CLANG_WARN_CONSTANT_CONVERSION = YES;
				CLANG_WARN_DEPRECATED_OBJC_IMPLEMENTATIONS = YES;
				CLANG_WARN_DIRECT_OBJC_ISA_USAGE = YES_ERROR;
				CLANG_WARN_DOCUMENTATION_COMMENTS = YES;
				CLANG_WARN_EMPTY_BODY = YES;
				CLANG_WARN_ENUM_CONVERSION = YES;
				CLANG_WARN_INFINITE_RECURSION = YES;
				CLANG_WARN_INT_CONVERSION = YES;
				CLANG_WARN_NON_LITERAL_NULL_CONVERSION = YES;
				CLANG_WARN_OBJC_IMPLICIT_RETAIN_SELF = YES;
				CLANG_WARN_OBJC_LITERAL_CONVERSION = YES;
				CLANG_WARN_OBJC_ROOT_CLASS = YES_ERROR;
				CLANG_WARN_RANGE_LOOP_ANALYSIS = YES;
				CLANG_WARN_STRICT_PROTOTYPES = YES;
				CLANG_WARN_SUSPICIOUS_MOVE = YES;
				CLANG_WARN_UNGUARDED_AVAILABILITY = YES_AGGRESSIVE;
				CLANG_WARN_UNREACHABLE_CODE = YES;
				CLANG_WARN__DUPLICATE_METHOD_MATCH = YES;
				CODE_SIGN_IDENTITY = "iPhone Developer";
				COPY_PHASE_STRIP = NO;
				DEBUG_INFORMATION_FORMAT = dwarf;
				ENABLE_STRICT_OBJC_MSGSEND = YES;
				ENABLE_TESTABILITY = YES;
				GCC_C_LANGUAGE_STANDARD = gnu11;
				GCC_DYNAMIC_NO_PIC = NO;
				GCC_NO_COMMON_BLOCKS = YES;
				GCC_OPTIMIZATION_LEVEL = 0;
				GCC_PREPROCESSOR_DEFINITIONS = (
					"DEBUG=1",
					"$(inherited)",
				);
				GCC_WARN_64_TO_32_BIT_CONVERSION = YES;
				GCC_WARN_ABOUT_RETURN_TYPE = YES_ERROR;
				GCC_WARN_UNDECLARED_SELECTOR = YES;
				GCC_WARN_UNINITIALIZED_AUTOS = YES_AGGRESSIVE;
				GCC_WARN_UNUSED_FUNCTION = YES;
				GCC_WARN_UNUSED_VARIABLE = YES;
				IPHONEOS_DEPLOYMENT_TARGET = 12.1;
				MTL_ENABLE_DEBUG_INFO = INCLUDE_SOURCE;
				MTL_FAST_MATH = YES;
				ONLY_ACTIVE_ARCH = YES;
				SDKROOT = iphoneos;
				SWIFT_ACTIVE_COMPILATION_CONDITIONS = DEBUG;
				SWIFT_OPTIMIZATION_LEVEL = "-Onone";
			};
			name = Debug;
		};
		0458729221B7B688001B43A8 /* Release */ = {
			isa = XCBuildConfiguration;
			buildSettings = {
				ALWAYS_SEARCH_USER_PATHS = NO;
				CLANG_ANALYZER_NONNULL = YES;
				CLANG_ANALYZER_NUMBER_OBJECT_CONVERSION = YES_AGGRESSIVE;
				CLANG_CXX_LANGUAGE_STANDARD = "gnu++14";
				CLANG_CXX_LIBRARY = "libc++";
				CLANG_ENABLE_MODULES = YES;
				CLANG_ENABLE_OBJC_ARC = YES;
				CLANG_ENABLE_OBJC_WEAK = YES;
				CLANG_WARN_BLOCK_CAPTURE_AUTORELEASING = YES;
				CLANG_WARN_BOOL_CONVERSION = YES;
				CLANG_WARN_COMMA = YES;
				CLANG_WARN_CONSTANT_CONVERSION = YES;
				CLANG_WARN_DEPRECATED_OBJC_IMPLEMENTATIONS = YES;
				CLANG_WARN_DIRECT_OBJC_ISA_USAGE = YES_ERROR;
				CLANG_WARN_DOCUMENTATION_COMMENTS = YES;
				CLANG_WARN_EMPTY_BODY = YES;
				CLANG_WARN_ENUM_CONVERSION = YES;
				CLANG_WARN_INFINITE_RECURSION = YES;
				CLANG_WARN_INT_CONVERSION = YES;
				CLANG_WARN_NON_LITERAL_NULL_CONVERSION = YES;
				CLANG_WARN_OBJC_IMPLICIT_RETAIN_SELF = YES;
				CLANG_WARN_OBJC_LITERAL_CONVERSION = YES;
				CLANG_WARN_OBJC_ROOT_CLASS = YES_ERROR;
				CLANG_WARN_RANGE_LOOP_ANALYSIS = YES;
				CLANG_WARN_STRICT_PROTOTYPES = YES;
				CLANG_WARN_SUSPICIOUS_MOVE = YES;
				CLANG_WARN_UNGUARDED_AVAILABILITY = YES_AGGRESSIVE;
				CLANG_WARN_UNREACHABLE_CODE = YES;
				CLANG_WARN__DUPLICATE_METHOD_MATCH = YES;
				CODE_SIGN_IDENTITY = "iPhone Developer";
				COPY_PHASE_STRIP = NO;
				DEBUG_INFORMATION_FORMAT = "dwarf-with-dsym";
				ENABLE_NS_ASSERTIONS = NO;
				ENABLE_STRICT_OBJC_MSGSEND = YES;
				GCC_C_LANGUAGE_STANDARD = gnu11;
				GCC_NO_COMMON_BLOCKS = YES;
				GCC_WARN_64_TO_32_BIT_CONVERSION = YES;
				GCC_WARN_ABOUT_RETURN_TYPE = YES_ERROR;
				GCC_WARN_UNDECLARED_SELECTOR = YES;
				GCC_WARN_UNINITIALIZED_AUTOS = YES_AGGRESSIVE;
				GCC_WARN_UNUSED_FUNCTION = YES;
				GCC_WARN_UNUSED_VARIABLE = YES;
				IPHONEOS_DEPLOYMENT_TARGET = 12.1;
				MTL_ENABLE_DEBUG_INFO = NO;
				MTL_FAST_MATH = YES;
				SDKROOT = iphoneos;
				SWIFT_COMPILATION_MODE = wholemodule;
				SWIFT_OPTIMIZATION_LEVEL = "-O";
				VALIDATE_PRODUCT = YES;
			};
			name = Release;
		};
		0458729421B7B688001B43A8 /* Debug */ = {
			isa = XCBuildConfiguration;
			baseConfigurationReference = B81A5B679A8B32BDDA3EC8AB /* Pods-SmartPhotoSorter.debug.xcconfig */;
			buildSettings = {
				ASSETCATALOG_COMPILER_APPICON_NAME = AppIcon;
				CODE_SIGN_STYLE = Automatic;
				DEVELOPMENT_TEAM = 5BL95TH4B9;
				INFOPLIST_FILE = SmartPhotoSorter/Info.plist;
				LD_RUNPATH_SEARCH_PATHS = (
					"$(inherited)",
					"@executable_path/Frameworks",
				);
				PRODUCT_BUNDLE_IDENTIFIER = com.miro.smartphotosorter.SmartPhotoSorter;
				PRODUCT_NAME = "$(TARGET_NAME)";
				SWIFT_VERSION = 4.2;
				TARGETED_DEVICE_FAMILY = "1,2";
			};
			name = Debug;
		};
		0458729521B7B688001B43A8 /* Release */ = {
			isa = XCBuildConfiguration;
			baseConfigurationReference = 936658439A35F1AA9D651967 /* Pods-SmartPhotoSorter.release.xcconfig */;
			buildSettings = {
				ASSETCATALOG_COMPILER_APPICON_NAME = AppIcon;
				CODE_SIGN_STYLE = Automatic;
				DEVELOPMENT_TEAM = 5BL95TH4B9;
				INFOPLIST_FILE = SmartPhotoSorter/Info.plist;
				LD_RUNPATH_SEARCH_PATHS = (
					"$(inherited)",
					"@executable_path/Frameworks",
				);
				PRODUCT_BUNDLE_IDENTIFIER = com.miro.smartphotosorter.SmartPhotoSorter;
				PRODUCT_NAME = "$(TARGET_NAME)";
				SWIFT_VERSION = 4.2;
				TARGETED_DEVICE_FAMILY = "1,2";
			};
			name = Release;
		};
/* End XCBuildConfiguration section */

/* Begin XCConfigurationList section */
		0458727921B7B686001B43A8 /* Build configuration list for PBXProject "SmartPhotoSorter" */ = {
			isa = XCConfigurationList;
			buildConfigurations = (
				0458729121B7B688001B43A8 /* Debug */,
				0458729221B7B688001B43A8 /* Release */,
			);
			defaultConfigurationIsVisible = 0;
			defaultConfigurationName = Release;
		};
		0458729321B7B688001B43A8 /* Build configuration list for PBXNativeTarget "SmartPhotoSorter" */ = {
			isa = XCConfigurationList;
			buildConfigurations = (
				0458729421B7B688001B43A8 /* Debug */,
				0458729521B7B688001B43A8 /* Release */,
			);
			defaultConfigurationIsVisible = 0;
			defaultConfigurationName = Release;
		};
/* End XCConfigurationList section */

/* Begin XCVersionGroup section */
		0458728821B7B686001B43A8 /* SmartPhotoSorter.xcdatamodeld */ = {
			isa = XCVersionGroup;
			children = (
				0458728921B7B686001B43A8 /* SmartPhotoSorter.xcdatamodel */,
			);
			currentVersion = 0458728921B7B686001B43A8 /* SmartPhotoSorter.xcdatamodel */;
			path = SmartPhotoSorter.xcdatamodeld;
			sourceTree = "<group>";
			versionGroupType = wrapper.xcdatamodel;
		};
/* End XCVersionGroup section */
	};
	rootObject = 0458727621B7B686001B43A8 /* Project object */;
}
